
Microsoft Visual Studio Solution File, Format Version 12.00
# Visual Studio Version 16
VisualStudioVersion = 16.0.30225.117
MinimumVisualStudioVersion = 10.0.40219.1
Project("{FAE04EC0-301F-11D3-BF4B-00C04F79EFBC}") = "RegistroDeDatos", "RegistroDeDatos.csproj", "{F2CAD981-FB95-4497-837B-191ECFEA87E0}"
EndProject
Global
	GlobalSection(SolutionConfigurationPlatforms) = preSolution
		Debug|Any CPU = Debug|Any CPU
		Release|Any CPU = Release|Any CPU
	EndGlobalSection
	GlobalSection(ProjectConfigurationPlatforms) = postSolution
		{F2CAD981-FB95-4497-837B-191ECFEA87E0}.Debug|Any CPU.ActiveCfg = Debug|Any CPU
		{F2CAD981-FB95-4497-837B-191ECFEA87E0}.Debug|Any CPU.Build.0 = Debug|Any CPU
		{F2CAD981-FB95-4497-837B-191ECFEA87E0}.Release|Any CPU.ActiveCfg = Release|Any CPU
		{F2CAD981-FB95-4497-837B-191ECFEA87E0}.Release|Any CPU.Build.0 = Release|Any CPU
	EndGlobalSection
	GlobalSection(SolutionProperties) = preSolution
		HideSolutionNode = FALSE
	EndGlobalSection
	GlobalSection(ExtensibilityGlobals) = postSolution
		SolutionGuid = {A8D054C6-20EE-4265-9FD2-56E7952202DA}
	EndGlobalSection
EndGlobal
