
Microsoft Visual Studio Solution File, Format Version 12.00
# Visual Studio Version 16
VisualStudioVersion = 16.0.30523.141
MinimumVisualStudioVersion = 10.0.40219.1
Project("{888888A0-9F3D-457C-B088-3A5042F75D52}") = "MCDiterativo", "MCDiterativo.pyproj", "{61C9FACB-68D2-4D2F-8B05-CECB838DC537}"
EndProject
Global
	GlobalSection(SolutionConfigurationPlatforms) = preSolution
		Debug|Any CPU = Debug|Any CPU
		Release|Any CPU = Release|Any CPU
	EndGlobalSection
	GlobalSection(ProjectConfigurationPlatforms) = postSolution
		{61C9FACB-68D2-4D2F-8B05-CECB838DC537}.Debug|Any CPU.ActiveCfg = Debug|Any CPU
		{61C9FACB-68D2-4D2F-8B05-CECB838DC537}.Release|Any CPU.ActiveCfg = Release|Any CPU
	EndGlobalSection
	GlobalSection(SolutionProperties) = preSolution
		HideSolutionNode = FALSE
	EndGlobalSection
	GlobalSection(ExtensibilityGlobals) = postSolution
		SolutionGuid = {4158A1F6-B3A3-4B27-AA4D-E20AA5A04F86}
	EndGlobalSection
EndGlobal
