
Microsoft Visual Studio Solution File, Format Version 12.00
# Visual Studio Version 16
VisualStudioVersion = 16.0.30503.244
MinimumVisualStudioVersion = 10.0.40219.1
Project("{FAE04EC0-301F-11D3-BF4B-00C04F79EFBC}") = "Naturalnumbers", "Naturalnumbers.csproj", "{2BAF8151-61EB-4FF0-AAA9-D59D0898233B}"
EndProject
Global
	GlobalSection(SolutionConfigurationPlatforms) = preSolution
		Debug|Any CPU = Debug|Any CPU
		Release|Any CPU = Release|Any CPU
	EndGlobalSection
	GlobalSection(ProjectConfigurationPlatforms) = postSolution
		{2BAF8151-61EB-4FF0-AAA9-D59D0898233B}.Debug|Any CPU.ActiveCfg = Debug|Any CPU
		{2BAF8151-61EB-4FF0-AAA9-D59D0898233B}.Debug|Any CPU.Build.0 = Debug|Any CPU
		{2BAF8151-61EB-4FF0-AAA9-D59D0898233B}.Release|Any CPU.ActiveCfg = Release|Any CPU
		{2BAF8151-61EB-4FF0-AAA9-D59D0898233B}.Release|Any CPU.Build.0 = Release|Any CPU
	EndGlobalSection
	GlobalSection(SolutionProperties) = preSolution
		HideSolutionNode = FALSE
	EndGlobalSection
	GlobalSection(ExtensibilityGlobals) = postSolution
		SolutionGuid = {74E85B34-6934-4BD4-9B8D-2AF444A19BC3}
	EndGlobalSection
EndGlobal
